// !$*UTF8*$!
{
	archiveVersion = 1;
	classes = {
	};
	objectVersion = 50;
	objects = {

/* Begin PBXBuildFile section */
		DDDEB2C2227F21EB0018B556 /* AppDelegate.swift in Sources */ = {isa = PBXBuildFile; fileRef = DDDEB2C1227F21EB0018B556 /* AppDelegate.swift */; };
		DDDEB2C4227F21EB0018B556 /* RootViewController.swift in Sources */ = {isa = PBXBuildFile; fileRef = DDDEB2C3227F21EB0018B556 /* RootViewController.swift */; };
		DDDEB2C6227F21EB0018B556 /* DataViewController.swift in Sources */ = {isa = PBXBuildFile; fileRef = DDDEB2C5227F21EB0018B556 /* DataViewController.swift */; };
		DDDEB2C8227F21EB0018B556 /* ModelController.swift in Sources */ = {isa = PBXBuildFile; fileRef = DDDEB2C7227F21EB0018B556 /* ModelController.swift */; };
		DDDEB2CB227F21EB0018B556 /* Main.storyboard in Resources */ = {isa = PBXBuildFile; fileRef = DDDEB2C9227F21EB0018B556 /* Main.storyboard */; };
		DDDEB2CD227F21EE0018B556 /* Assets.xcassets in Resources */ = {isa = PBXBuildFile; fileRef = DDDEB2CC227F21EE0018B556 /* Assets.xcassets */; };
		DDDEB2D0227F21EE0018B556 /* LaunchScreen.storyboard in Resources */ = {isa = PBXBuildFile; fileRef = DDDEB2CE227F21EE0018B556 /* LaunchScreen.storyboard */; };
/* End PBXBuildFile section */

/* Begin PBXFileReference section */
		DDDEB2BE227F21EB0018B556 /* weatherrrr.app */ = {isa = PBXFileReference; explicitFileType = wrapper.application; includeInIndex = 0; path = weatherrrr.app; sourceTree = BUILT_PRODUCTS_DIR; };
		DDDEB2C1227F21EB0018B556 /* AppDelegate.swift */ = {isa = PBXFileReference; lastKnownFileType = sourcecode.swift; path = AppDelegate.swift; sourceTree = "<group>"; };
		DDDEB2C3227F21EB0018B556 /* RootViewController.swift */ = {isa = PBXFileReference; lastKnownFileType = sourcecode.swift; path = RootViewController.swift; sourceTree = "<group>"; };
		DDDEB2C5227F21EB0018B556 /* DataViewController.swift */ = {isa = PBXFileReference; lastKnownFileType = sourcecode.swift; path = DataViewController.swift; sourceTree = "<group>"; };
		DDDEB2C7227F21EB0018B556 /* ModelController.swift */ = {isa = PBXFileReference; lastKnownFileType = sourcecode.swift; path = ModelController.swift; sourceTree = "<group>"; };
		DDDEB2CA227F21EB0018B556 /* Base */ = {isa = PBXFileReference; lastKnownFileType = file.storyboard; name = Base; path = Base.lproj/Main.storyboard; sourceTree = "<group>"; };
		DDDEB2CC227F21EE0018B556 /* Assets.xcassets */ = {isa = PBXFileReference; lastKnownFileType = folder.assetcatalog; path = Assets.xcassets; sourceTree = "<group>"; };
		DDDEB2CF227F21EE0018B556 /* Base */ = {isa = PBXFileReference; lastKnownFileType = file.storyboard; name = Base; path = Base.lproj/LaunchScreen.storyboard; sourceTree = "<group>"; };
		DDDEB2D1227F21EE0018B556 /* Info.plist */ = {isa = PBXFileReference; lastKnownFileType = text.plist.xml; path = Info.plist; sourceTree = "<group>"; };
/* End PBXFileReference section */

/* Begin PBXFrameworksBuildPhase section */
		DDDEB2BB227F21EB0018B556 /* Frameworks */ = {
			isa = PBXFrameworksBuildPhase;
			buildActionMask = 2147483647;
			files = (
			);
			runOnlyForDeploymentPostprocessing = 0;
		};
/* End PBXFrameworksBuildPhase section */

/* Begin PBXGroup section */
		DDDEB2B5227F21EB0018B556 = {
			isa = PBXGroup;
			children = (
				DDDEB2C0227F21EB0018B556 /* weatherrrr */,
				DDDEB2BF227F21EB0018B556 /* Products */,
			);
			sourceTree = "<group>";
		};
		DDDEB2BF227F21EB0018B556 /* Products */ = {
			isa = PBXGroup;
			children = (
				DDDEB2BE227F21EB0018B556 /* weatherrrr.app */,
			);
			name = Products;
			sourceTree = "<group>";
		};
		DDDEB2C0227F21EB0018B556 /* weatherrrr */ = {
			isa = PBXGroup;
			children = (
				DDDEB2C1227F21EB0018B556 /* AppDelegate.swift */,
				DDDEB2C3227F21EB0018B556 /* RootViewController.swift */,
				DDDEB2C5227F21EB0018B556 /* DataViewController.swift */,
				DDDEB2C7227F21EB0018B556 /* ModelController.swift */,
				DDDEB2C9227F21EB0018B556 /* Main.storyboard */,
				DDDEB2CC227F21EE0018B556 /* Assets.xcassets */,
				DDDEB2CE227F21EE0018B556 /* LaunchScreen.storyboard */,
				DDDEB2D1227F21EE0018B556 /* Info.plist */,
			);
			path = weatherrrr;
			sourceTree = "<group>";
		};
/* End PBXGroup section */

/* Begin PBXNativeTarget section */
		DDDEB2BD227F21EB0018B556 /* weatherrrr */ = {
			isa = PBXNativeTarget;
			buildConfigurationList = DDDEB2D4227F21EE0018B556 /* Build configuration list for PBXNativeTarget "weatherrrr" */;
			buildPhases = (
				DDDEB2BA227F21EB0018B556 /* Sources */,
				DDDEB2BB227F21EB0018B556 /* Frameworks */,
				DDDEB2BC227F21EB0018B556 /* Resources */,
			);
			buildRules = (
			);
			dependencies = (
			);
			name = weatherrrr;
			productName = weatherrrr;
			productReference = DDDEB2BE227F21EB0018B556 /* weatherrrr.app */;
			productType = "com.apple.product-type.application";
		};
/* End PBXNativeTarget section */

/* Begin PBXProject section */
		DDDEB2B6227F21EB0018B556 /* Project object */ = {
			isa = PBXProject;
			attributes = {
				LastSwiftUpdateCheck = 0930;
				LastUpgradeCheck = 0930;
				ORGANIZATIONNAME = orrrrganization;
				TargetAttributes = {
					DDDEB2BD227F21EB0018B556 = {
						CreatedOnToolsVersion = 9.3.1;
					};
				};
			};
			buildConfigurationList = DDDEB2B9227F21EB0018B556 /* Build configuration list for PBXProject "weatherrrr" */;
			compatibilityVersion = "Xcode 9.3";
			developmentRegion = en;
			hasScannedForEncodings = 0;
			knownRegions = (
				en,
				Base,
			);
			mainGroup = DDDEB2B5227F21EB0018B556;
			productRefGroup = DDDEB2BF227F21EB0018B556 /* Products */;
			projectDirPath = "";
			projectRoot = "";
			targets = (
				DDDEB2BD227F21EB0018B556 /* weatherrrr */,
			);
		};
/* End PBXProject section */

/* Begin PBXResourcesBuildPhase section */
		DDDEB2BC227F21EB0018B556 /* Resources */ = {
			isa = PBXResourcesBuildPhase;
			buildActionMask = 2147483647;
			files = (
				DDDEB2D0227F21EE0018B556 /* LaunchScreen.storyboard in Resources */,
				DDDEB2CD227F21EE0018B556 /* Assets.xcassets in Resources */,
				DDDEB2CB227F21EB0018B556 /* Main.storyboard in Resources */,
			);
			runOnlyForDeploymentPostprocessing = 0;
		};
/* End PBXResourcesBuildPhase section */

/* Begin PBXSourcesBuildPhase section */
		DDDEB2BA227F21EB0018B556 /* Sources */ = {
			isa = PBXSourcesBuildPhase;
			buildActionMask = 2147483647;
			files = (
				DDDEB2C4227F21EB0018B556 /* RootViewController.swift in Sources */,
				DDDEB2C8227F21EB0018B556 /* ModelController.swift in Sources */,
				DDDEB2C6227F21EB0018B556 /* DataViewController.swift in Sources */,
				DDDEB2C2227F21EB0018B556 /* AppDelegate.swift in Sources */,
			);
			runOnlyForDeploymentPostprocessing = 0;
		};
/* End PBXSourcesBuildPhase section */

/* Begin PBXVariantGroup section */
		DDDEB2C9227F21EB0018B556 /* Main.storyboard */ = {
			isa = PBXVariantGroup;
			children = (
				DDDEB2CA227F21EB0018B556 /* Base */,
			);
			name = Main.storyboard;
			sourceTree = "<group>";
		};
		DDDEB2CE227F21EE0018B556 /* LaunchScreen.storyboard */ = {
			isa = PBXVariantGroup;
			children = (
				DDDEB2CF227F21EE0018B556 /* Base */,
			);
			name = LaunchScreen.storyboard;
			sourceTree = "<group>";
		};
/* End PBXVariantGroup section */

/* Begin XCBuildConfiguration section */
		DDDEB2D2227F21EE0018B556 /* Debug */ = {
			isa = XCBuildConfiguration;
			buildSettings = {
				ALWAYS_SEARCH_USER_PATHS = NO;
				CLANG_ANALYZER_NONNULL = YES;
				CLANG_ANALYZER_NUMBER_OBJECT_CONVERSION = YES_AGGRESSIVE;
				CLANG_CXX_LANGUAGE_STANDARD = "gnu++14";
				CLANG_CXX_LIBRARY = "libc++";
				CLANG_ENABLE_MODULES = YES;
				CLANG_ENABLE_OBJC_ARC = YES;
				CLANG_ENABLE_OBJC_WEAK = YES;
				CLANG_WARN_BLOCK_CAPTURE_AUTORELEASING = YES;
				CLANG_WARN_BOOL_CONVERSION = YES;
				CLANG_WARN_COMMA = YES;
				CLANG_WARN_CONSTANT_CONVERSION = YES;
				CLANG_WARN_DEPRECATED_OBJC_IMPLEMENTATIONS = YES;
				CLANG_WARN_DIRECT_OBJC_ISA_USAGE = YES_ERROR;
				CLANG_WARN_DOCUMENTATION_COMMENTS = YES;
				CLANG_WARN_EMPTY_BODY = YES;
				CLANG_WARN_ENUM_CONVERSION = YES;
				CLANG_WARN_INFINITE_RECURSION = YES;
				CLANG_WARN_INT_CONVERSION = YES;
				CLANG_WARN_NON_LITERAL_NULL_CONVERSION = YES;
				CLANG_WARN_OBJC_IMPLICIT_RETAIN_SELF = YES;
				CLANG_WARN_OBJC_LITERAL_CONVERSION = YES;
				CLANG_WARN_OBJC_ROOT_CLASS = YES_ERROR;
				CLANG_WARN_RANGE_LOOP_ANALYSIS = YES;
				CLANG_WARN_STRICT_PROTOTYPES = YES;
				CLANG_WARN_SUSPICIOUS_MOVE = YES;
				CLANG_WARN_UNGUARDED_AVAILABILITY = YES_AGGRESSIVE;
				CLANG_WARN_UNREACHABLE_CODE = YES;
				CLANG_WARN__DUPLICATE_METHOD_MATCH = YES;
				CODE_SIGN_IDENTITY = "iPhone Developer";
				COPY_PHASE_STRIP = NO;
				DEBUG_INFORMATION_FORMAT = dwarf;
				ENABLE_STRICT_OBJC_MSGSEND = YES;
				ENABLE_TESTABILITY = YES;
				GCC_C_LANGUAGE_STANDARD = gnu11;
				GCC_DYNAMIC_NO_PIC = NO;
				GCC_NO_COMMON_BLOCKS = YES;
				GCC_OPTIMIZATION_LEVEL = 0;
				GCC_PREPROCESSOR_DEFINITIONS = (
					"DEBUG=1",
					"$(inherited)",
				);
				GCC_WARN_64_TO_32_BIT_CONVERSION = YES;
				GCC_WARN_ABOUT_RETURN_TYPE = YES_ERROR;
				GCC_WARN_UNDECLARED_SELECTOR = YES;
				GCC_WARN_UNINITIALIZED_AUTOS = YES_AGGRESSIVE;
				GCC_WARN_UNUSED_FUNCTION = YES;
				GCC_WARN_UNUSED_VARIABLE = YES;
				IPHONEOS_DEPLOYMENT_TARGET = 11.3;
				MTL_ENABLE_DEBUG_INFO = YES;
				ONLY_ACTIVE_ARCH = YES;
				SDKROOT = iphoneos;
				SWIFT_ACTIVE_COMPILATION_CONDITIONS = DEBUG;
				SWIFT_OPTIMIZATION_LEVEL = "-Onone";
			};
			name = Debug;
		};
		DDDEB2D3227F21EE0018B556 /* Release */ = {
			isa = XCBuildConfiguration;
			buildSettings = {
				ALWAYS_SEARCH_USER_PATHS = NO;
				CLANG_ANALYZER_NONNULL = YES;
				CLANG_ANALYZER_NUMBER_OBJECT_CONVERSION = YES_AGGRESSIVE;
				CLANG_CXX_LANGUAGE_STANDARD = "gnu++14";
				CLANG_CXX_LIBRARY = "libc++";
				CLANG_ENABLE_MODULES = YES;
				CLANG_ENABLE_OBJC_ARC = YES;
				CLANG_ENABLE_OBJC_WEAK = YES;
				CLANG_WARN_BLOCK_CAPTURE_AUTORELEASING = YES;
				CLANG_WARN_BOOL_CONVERSION = YES;
				CLANG_WARN_COMMA = YES;
				CLANG_WARN_CONSTANT_CONVERSION = YES;
				CLANG_WARN_DEPRECATED_OBJC_IMPLEMENTATIONS = YES;
				CLANG_WARN_DIRECT_OBJC_ISA_USAGE = YES_ERROR;
				CLANG_WARN_DOCUMENTATION_COMMENTS = YES;
				CLANG_WARN_EMPTY_BODY = YES;
				CLANG_WARN_ENUM_CONVERSION = YES;
				CLANG_WARN_INFINITE_RECURSION = YES;
				CLANG_WARN_INT_CONVERSION = YES;
				CLANG_WARN_NON_LITERAL_NULL_CONVERSION = YES;
				CLANG_WARN_OBJC_IMPLICIT_RETAIN_SELF = YES;
				CLANG_WARN_OBJC_LITERAL_CONVERSION = YES;
				CLANG_WARN_OBJC_ROOT_CLASS = YES_ERROR;
				CLANG_WARN_RANGE_LOOP_ANALYSIS = YES;
				CLANG_WARN_STRICT_PROTOTYPES = YES;
				CLANG_WARN_SUSPICIOUS_MOVE = YES;
				CLANG_WARN_UNGUARDED_AVAILABILITY = YES_AGGRESSIVE;
				CLANG_WARN_UNREACHABLE_CODE = YES;
				CLANG_WARN__DUPLICATE_METHOD_MATCH = YES;
				CODE_SIGN_IDENTITY = "iPhone Developer";
				COPY_PHASE_STRIP = NO;
				DEBUG_INFORMATION_FORMAT = "dwarf-with-dsym";
				ENABLE_NS_ASSERTIONS = NO;
				ENABLE_STRICT_OBJC_MSGSEND = YES;
				GCC_C_LANGUAGE_STANDARD = gnu11;
				GCC_NO_COMMON_BLOCKS = YES;
				GCC_WARN_64_TO_32_BIT_CONVERSION = YES;
				GCC_WARN_ABOUT_RETURN_TYPE = YES_ERROR;
				GCC_WARN_UNDECLARED_SELECTOR = YES;
				GCC_WARN_UNINITIALIZED_AUTOS = YES_AGGRESSIVE;
				GCC_WARN_UNUSED_FUNCTION = YES;
				GCC_WARN_UNUSED_VARIABLE = YES;
				IPHONEOS_DEPLOYMENT_TARGET = 11.3;
				MTL_ENABLE_DEBUG_INFO = NO;
				SDKROOT = iphoneos;
				SWIFT_COMPILATION_MODE = wholemodule;
				SWIFT_OPTIMIZATION_LEVEL = "-O";
				VALIDATE_PRODUCT = YES;
			};
			name = Release;
		};
		DDDEB2D5227F21EE0018B556 /* Debug */ = {
			isa = XCBuildConfiguration;
			buildSettings = {
				ASSETCATALOG_COMPILER_APPICON_NAME = AppIcon;
				CODE_SIGN_STYLE = Automatic;
				INFOPLIST_FILE = weatherrrr/Info.plist;
				LD_RUNPATH_SEARCH_PATHS = (
					"$(inherited)",
					"@executable_path/Frameworks",
				);
				PRODUCT_BUNDLE_IDENTIFIER = "ich-keno-maximilian.de.weatherrrr";
				PRODUCT_NAME = "$(TARGET_NAME)";
				SWIFT_VERSION = 4.0;
				TARGETED_DEVICE_FAMILY = "1,2";
			};
			name = Debug;
		};
		DDDEB2D6227F21EE0018B556 /* Release */ = {
			isa = XCBuildConfiguration;
			buildSettings = {
				ASSETCATALOG_COMPILER_APPICON_NAME = AppIcon;
				CODE_SIGN_STYLE = Automatic;
				INFOPLIST_FILE = weatherrrr/Info.plist;
				LD_RUNPATH_SEARCH_PATHS = (
					"$(inherited)",
					"@executable_path/Frameworks",
				);
				PRODUCT_BUNDLE_IDENTIFIER = "ich-keno-maximilian.de.weatherrrr";
				PRODUCT_NAME = "$(TARGET_NAME)";
				SWIFT_VERSION = 4.0;
				TARGETED_DEVICE_FAMILY = "1,2";
			};
			name = Release;
		};
/* End XCBuildConfiguration section */

/* Begin XCConfigurationList section */
		DDDEB2B9227F21EB0018B556 /* Build configuration list for PBXProject "weatherrrr" */ = {
			isa = XCConfigurationList;
			buildConfigurations = (
				DDDEB2D2227F21EE0018B556 /* Debug */,
				DDDEB2D3227F21EE0018B556 /* Release */,
			);
			defaultConfigurationIsVisible = 0;
			defaultConfigurationName = Release;
		};
		DDDEB2D4227F21EE0018B556 /* Build configuration list for PBXNativeTarget "weatherrrr" */ = {
			isa = XCConfigurationList;
			buildConfigurations = (
				DDDEB2D5227F21EE0018B556 /* Debug */,
				DDDEB2D6227F21EE0018B556 /* Release */,
			);
			defaultConfigurationIsVisible = 0;
			defaultConfigurationName = Release;
		};
/* End XCConfigurationList section */
	};
	rootObject = DDDEB2B6227F21EB0018B556 /* Project object */;
}
